{
  "nodes": {
    "nixpkgs": {
      "locked": {
        "lastModified": 1731613620,
        "narHash": "sha256-Qb4cpVp1pr29mvbqMROn7BcYt60GJ948RSM4UKU2DV4=",
        "owner": "NixOS",
        "repo": "nixpkgs",
        "rev": "f4a0fbc120cd775346111246b453f8af94afc1d1",
        "type": "github"
      },
      "original": {
        "owner": "NixOS",
        "ref": "release-24.11",
        "repo": "nixpkgs",
        "type": "github"
      }
    },
    "root": {
      "inputs": {
        "nixpkgs": "nixpkgs"
      }
    }
  },
  "root": "root",
  "version": 7
}
